{
  "name": "skillshare_dl",
  "version": "1.0.0",
  "lockfileVersion": 1,
  "requires": true,
  "dependencies": {
    "async": {
      "version": "2.6.4",
      "resolved": "https://registry.npmjs.org/async/-/async-2.6.4.tgz",
      "integrity": "sha512-mzo5dfJYwAn29PeiJ0zvwTo04zj8HDJj0Mn8TD7sno7q12prdbnasKJHhkm2c1LgrhlJ0teaea8860oxi51mGA==",
      "requires": {
        "lodash": "^4.17.14"
      },
      "dependencies": {
        "lodash": {
          "version": "4.17.21",
          "resolved": "https://registry.npmjs.org/lodash/-/lodash-4.17.21.tgz",
          "integrity": "sha512-v2kDEe57lecTulaDIuNTPy3Ry4gLGJ6Z1O3vE1krgXZNrsQ+LFTGHVxVjcXPs17LhbZVGedAJv8XZ1tvj5FvSg=="
        }
      }
    },
    "browsermob": {
      "version": "0.0.2",
      "resolved": "https://registry.npmjs.org/browsermob/-/browsermob-0.0.2.tgz",
      "integrity": "sha1-+3h6hg3qjF3JPFJ0YK7/T/N8FbE=",
      "dev": true,
      "dependencies": {
        "fs-extra": {
          "version": "0.18.4",
          "resolved": "https://registry.npmjs.org/fs-extra/-/fs-extra-0.18.4.tgz",
          "integrity": "sha1-fyBXUtbTlZyWdTPjRUAWGns43DY="
        },
        "graceful-fs": {
          "version": "3.0.11",
          "resolved": "https://registry.npmjs.org/graceful-fs/-/graceful-fs-3.0.11.tgz",
          "integrity": "sha1-dhPHeKGv6mLyXGMKCG1/Osu92Bg="
        },
        "lodash": {
          "version": "3.10.1",
          "resolved": "https://registry.npmjs.org/lodash/-/lodash-3.10.1.tgz",
          "integrity": "sha1-W/Rejkm6QYnhfUgnid/RW9FAt7Y="
        },
        "minimist": {
          "version": "1.2.0",
          "resolved": "https://registry.npmjs.org/minimist/-/minimist-1.2.0.tgz",
          "integrity": "sha1-o1AIsg9BOD7sH7kU9M1d95omQoQ="
        }
      }
    },
    "browsermob-proxy": {
      "version": "1.0.9",
      "resolved": "https://registry.npmjs.org/browsermob-proxy/-/browsermob-proxy-1.0.9.tgz",
      "integrity": "sha1-Ue0yEPY+a0S8ZRgo+2/Vdq070b4="
    },
    "browsermob-proxy-api": {
      "version": "0.4.0",
      "resolved": "https://registry.npmjs.org/browsermob-proxy-api/-/browsermob-proxy-api-0.4.0.tgz",
      "integrity": "sha1-C29lZPwe7ynh4VIX2cm3ID30px0="
    },
    "chalk": {
      "version": "1.1.3",
      "resolved": "https://registry.npmjs.org/chalk/-/chalk-1.1.3.tgz",
      "integrity": "sha1-qBFcVeSnAv5NFQq9OHKCKn4J/Jg="
    },
    "chromedriver": {
      "version": "2.12.0",
      "resolved": "https://registry.npmjs.org/chromedriver/-/chromedriver-2.12.0.tgz",
      "integrity": "sha1-wfL4Qpo5gOrBJK/Z6sqMxV/IVZY=",
      "dependencies": {
        "adm-zip": {
          "version": "https://registry.npmjs.org/adm-zip/-/adm-zip-0.2.1.tgz",
          "integrity": "sha1-6AHO3rW9mk6Y1pnFwPQjnicx3L8="
        },
        "graceful-fs": {
          "version": "https://registry.npmjs.org/graceful-fs/-/graceful-fs-1.1.14.tgz",
          "integrity": "sha1-BweNtfY3f2Mh/Oqu30l94STclGU="
        },
        "mkdirp": {
          "version": "https://registry.npmjs.org/mkdirp/-/mkdirp-0.3.5.tgz",
          "integrity": "sha1-3j5fiWHIjHh+4TaN+EmsRBPsqNc="
        },
        "rimraf": {
          "version": "https://registry.npmjs.org/rimraf/-/rimraf-2.0.3.tgz",
          "integrity": "sha1-9QopZecUTpr9mYmC8V33BnMPVqk="
        }
      }
    },
    "clear": {
      "version": "0.0.1",
      "resolved": "https://registry.npmjs.org/clear/-/clear-0.0.1.tgz",
      "integrity": "sha1-5RhuIp2ZRIF5wTAxG2+dML/2sLo="
    },
    "clui": {
      "version": "0.3.1",
      "resolved": "https://registry.npmjs.org/clui/-/clui-0.3.1.tgz",
      "integrity": "sha1-AT0ILOht2/BguG05J/iauMM79CM="
    },
    "figlet": {
      "version": "1.2.0",
      "resolved": "https://registry.npmjs.org/figlet/-/figlet-1.2.0.tgz",
      "integrity": "sha1-bEZTc3j6tkkUa1phQ92gGbQwtBA="
    },
    "http-proxy": {
      "version": "1.16.2",
      "resolved": "https://registry.npmjs.org/http-proxy/-/http-proxy-1.16.2.tgz",
      "integrity": "sha1-Bt/ykpUr9k2+hHH6nfcwZtTzd0I="
    },
    "inquirer": {
      "version": "3.0.6",
      "resolved": "https://registry.npmjs.org/inquirer/-/inquirer-3.0.6.tgz",
      "integrity": "sha1-4EqqnQW3o8ubD0B9BDdfBEcZA0c="
    },
    "phantom": {
      "version": "4.0.3",
      "resolved": "https://registry.npmjs.org/phantom/-/phantom-4.0.3.tgz",
      "integrity": "sha1-glIhZlVOMpsr9p+hZ03oQ9XFe7M="
    },
    "request": {
      "version": "2.81.0",
      "resolved": "https://registry.npmjs.org/request/-/request-2.81.0.tgz",
      "integrity": "sha1-xpKJRqDgbF+Nb4qTM0af/aRimKA="
    },
    "request-debug": {
      "version": "0.2.0",
      "resolved": "https://registry.npmjs.org/request-debug/-/request-debug-0.2.0.tgz",
      "integrity": "sha1-/AVOyBcYGwTKQaBSwTb2HEirr3g="
    },
    "request-promise": {
      "version": "4.2.1",
      "resolved": "https://registry.npmjs.org/request-promise/-/request-promise-4.2.1.tgz",
      "integrity": "sha1-fuxWyJMXqCLL/qmbA5zlQ8LhX2c="
    },
    "selenium-webdriver": {
      "version": "3.4.0",
      "resolved": "https://registry.npmjs.org/selenium-webdriver/-/selenium-webdriver-3.4.0.tgz",
      "integrity": "sha1-FR90RSlNpqZsScwwB0eioX5TxSo=",
      "dependencies": {
        "tmp": {
          "version": "https://registry.npmjs.org/tmp/-/tmp-0.0.30.tgz",
          "integrity": "sha1-ckGdSovn1s51FI/YsyTlk6cRwu0="
        }
      }
    }
  }
}
